{
    "inputs": {
        "nixpkgs": {
            "narHash": "sha256-gB0Q6NY4JGSYOEwpPy2J5UIdf99Yf8f+eR+S8K3VHSU=",
            "originalUrl": "github:demyanrogozhin/nixpkgs/fork",
            "url": "github:demyanrogozhin/nixpkgs/cfb953fc747ed1e11869824089ee31e320e55a19"
        }
    },
    "version": 3
}
