{
  "nodes": {
    "nixpkgs": {
      "info": {
        "lastModified": 1587151065,
        "narHash": "sha256-6wb/trnNK1h2HOfCRERXKCwquA/KOXDbKoL4uyyXzEE="
      },
      "locked": {
        "owner": "NixOS",
        "repo": "nixpkgs",
        "rev": "e42312e354f91300d20dbbdb6a82d1b5b257155f",
        "type": "github"
      },
      "original": {
        "owner": "NixOS",
        "repo": "nixpkgs",
        "rev": "e42312e354f91300d20dbbdb6a82d1b5b257155f",
        "type": "github"
      }
    },
    "root": {
      "inputs": {
        "nixpkgs": "nixpkgs"
      }
    }
  },
  "root": "root",
  "version": 5
}
