{
    "inputs": {
        "nixpkgs": {
            "inputs": {},
            "narHash": "sha256-PsUDzuwfbWQrdiU7jDMpBA2eLkHbjACobDReR7Osho8=",
            "originalUrl": "github:demyanrogozhin/nixpkgs/47f887927adde9905d3baf3a37c7dfabbcff55ee",
            "url": "github:demyanrogozhin/nixpkgs/47f887927adde9905d3baf3a37c7dfabbcff55ee"
        }
    },
    "version": 3
}
